// !$*UTF8*$!
{
	archiveVersion = 1;
	classes = {
	};
	objectVersion = 77;
	objects = {

/* Begin PBXBuildFile section */
		DF3BCB792F33A05300BCA4E9 /* DebtTypes.swift in Sources */ = {isa = PBXBuildFile; fileRef = DF3BCB782F33A05300BCA4E9 /* DebtTypes.swift */; };
		DF3BCB7B2F33A06B00BCA4E9 /* ProjectionEngine.swift in Sources */ = {isa = PBXBuildFile; fileRef = DF3BCB7A2F33A06B00BCA4E9 /* ProjectionEngine.swift */; };
		DF3BCB7D2F33A07300BCA4E9 /* DebtProjectionViewModel.swift in Sources */ = {isa = PBXBuildFile; fileRef = DF3BCB7C2F33A07300BCA4E9 /* DebtProjectionViewModel.swift */; };
		DF3BCB7F2F33A07E00BCA4E9 /* DebtProjectionView.swift in Sources */ = {isa = PBXBuildFile; fileRef = DF3BCB7E2F33A07E00BCA4E9 /* DebtProjectionView.swift */; };
		DF3BCB812F33A1B500BCA4E9 /* DebtPayoffViewModel.swift in Sources */ = {isa = PBXBuildFile; fileRef = DF3BCB802F33A1B500BCA4E9 /* DebtPayoffViewModel.swift */; };
		DF3BCB832F33A1BC00BCA4E9 /* DebtPayoffView.swift in Sources */ = {isa = PBXBuildFile; fileRef = DF3BCB822F33A1BC00BCA4E9 /* DebtPayoffView.swift */; };
		DF3BCB852F33A29400BCA4E9 /* DebtPlannerView.swift in Sources */ = {isa = PBXBuildFile; fileRef = DF3BCB842F33A29400BCA4E9 /* DebtPlannerView.swift */; };
/* End PBXBuildFile section */

/* Begin PBXCopyFilesBuildPhase section */
		DFF289762F266E0C00122962 /* Embed Foundation Extensions */ = {
			isa = PBXCopyFilesBuildPhase;
			buildActionMask = 2147483647;
			dstPath = "";
			dstSubfolderSpec = 13;
			files = (
			);
			name = "Embed Foundation Extensions";
			runOnlyForDeploymentPostprocessing = 0;
		};
/* End PBXCopyFilesBuildPhase section */

/* Begin PBXFileReference section */
		DF1800CC2F23D66800F6A522 /* awaremoney.app */ = {isa = PBXFileReference; explicitFileType = wrapper.application; includeInIndex = 0; path = awaremoney.app; sourceTree = BUILT_PRODUCTS_DIR; };
		DF3BCB782F33A05300BCA4E9 /* DebtTypes.swift */ = {isa = PBXFileReference; lastKnownFileType = sourcecode.swift; path = DebtTypes.swift; sourceTree = "<group>"; };
		DF3BCB7A2F33A06B00BCA4E9 /* ProjectionEngine.swift */ = {isa = PBXFileReference; lastKnownFileType = sourcecode.swift; path = ProjectionEngine.swift; sourceTree = "<group>"; };
		DF3BCB7C2F33A07300BCA4E9 /* DebtProjectionViewModel.swift */ = {isa = PBXFileReference; lastKnownFileType = sourcecode.swift; path = DebtProjectionViewModel.swift; sourceTree = "<group>"; };
		DF3BCB7E2F33A07E00BCA4E9 /* DebtProjectionView.swift */ = {isa = PBXFileReference; lastKnownFileType = sourcecode.swift; path = DebtProjectionView.swift; sourceTree = "<group>"; };
		DF3BCB802F33A1B500BCA4E9 /* DebtPayoffViewModel.swift */ = {isa = PBXFileReference; lastKnownFileType = sourcecode.swift; path = DebtPayoffViewModel.swift; sourceTree = "<group>"; };
		DF3BCB822F33A1BC00BCA4E9 /* DebtPayoffView.swift */ = {isa = PBXFileReference; lastKnownFileType = sourcecode.swift; path = DebtPayoffView.swift; sourceTree = "<group>"; };
		DF3BCB842F33A29400BCA4E9 /* DebtPlannerView.swift */ = {isa = PBXFileReference; lastKnownFileType = sourcecode.swift; path = DebtPlannerView.swift; sourceTree = "<group>"; };
/* End PBXFileReference section */

/* Begin PBXFileSystemSynchronizedBuildFileExceptionSet section */
		DFF6D8B92F24006B0089847A /* Exceptions for "awaremoney" folder in "awaremoney" target */ = {
			isa = PBXFileSystemSynchronizedBuildFileExceptionSet;
			membershipExceptions = (
				Info.plist,
			);
			target = DF1800CB2F23D66800F6A522 /* awaremoney */;
		};
/* End PBXFileSystemSynchronizedBuildFileExceptionSet section */

/* Begin PBXFileSystemSynchronizedRootGroup section */
		DF1800CE2F23D66800F6A522 /* awaremoney */ = {
			isa = PBXFileSystemSynchronizedRootGroup;
			exceptions = (
				DFF6D8B92F24006B0089847A /* Exceptions for "awaremoney" folder in "awaremoney" target */,
			);
			path = awaremoney;
			sourceTree = "<group>";
		};
/* End PBXFileSystemSynchronizedRootGroup section */

/* Begin PBXFrameworksBuildPhase section */
		DF1800C92F23D66800F6A522 /* Frameworks */ = {
			isa = PBXFrameworksBuildPhase;
			buildActionMask = 2147483647;
			files = (
			);
			runOnlyForDeploymentPostprocessing = 0;
		};
/* End PBXFrameworksBuildPhase section */

/* Begin PBXGroup section */
		DF1800C32F23D66800F6A522 = {
			isa = PBXGroup;
			children = (
				DF1800CE2F23D66800F6A522 /* awaremoney */,
				DF1800CD2F23D66800F6A522 /* Products */,
				DF3BCB782F33A05300BCA4E9 /* DebtTypes.swift */,
				DF3BCB7A2F33A06B00BCA4E9 /* ProjectionEngine.swift */,
				DF3BCB7C2F33A07300BCA4E9 /* DebtProjectionViewModel.swift */,
				DF3BCB7E2F33A07E00BCA4E9 /* DebtProjectionView.swift */,
				DF3BCB802F33A1B500BCA4E9 /* DebtPayoffViewModel.swift */,
				DF3BCB822F33A1BC00BCA4E9 /* DebtPayoffView.swift */,
				DF3BCB842F33A29400BCA4E9 /* DebtPlannerView.swift */,
			);
			sourceTree = "<group>";
		};
		DF1800CD2F23D66800F6A522 /* Products */ = {
			isa = PBXGroup;
			children = (
				DF1800CC2F23D66800F6A522 /* awaremoney.app */,
			);
			name = Products;
			sourceTree = "<group>";
		};
/* End PBXGroup section */

/* Begin PBXNativeTarget section */
		DF1800CB2F23D66800F6A522 /* awaremoney */ = {
			isa = PBXNativeTarget;
			buildConfigurationList = DF1800D72F23D66900F6A522 /* Build configuration list for PBXNativeTarget "awaremoney" */;
			buildPhases = (
				DF1800C82F23D66800F6A522 /* Sources */,
				DF1800C92F23D66800F6A522 /* Frameworks */,
				DF1800CA2F23D66800F6A522 /* Resources */,
				DFF289762F266E0C00122962 /* Embed Foundation Extensions */,
			);
			buildRules = (
			);
			dependencies = (
			);
			fileSystemSynchronizedGroups = (
				DF1800CE2F23D66800F6A522 /* awaremoney */,
			);
			name = awaremoney;
			packageProductDependencies = (
			);
			productName = awaremoney;
			productReference = DF1800CC2F23D66800F6A522 /* awaremoney.app */;
			productType = "com.apple.product-type.application";
		};
/* End PBXNativeTarget section */

/* Begin PBXProject section */
		DF1800C42F23D66800F6A522 /* Project object */ = {
			isa = PBXProject;
			attributes = {
				BuildIndependentTargetsInParallel = 1;
				LastSwiftUpdateCheck = 2620;
				LastUpgradeCheck = 2620;
				TargetAttributes = {
					DF1800CB2F23D66800F6A522 = {
						CreatedOnToolsVersion = 26.2;
					};
				};
			};
			buildConfigurationList = DF1800C72F23D66800F6A522 /* Build configuration list for PBXProject "awaremoney" */;
			developmentRegion = en;
			hasScannedForEncodings = 0;
			knownRegions = (
				en,
				Base,
			);
			mainGroup = DF1800C32F23D66800F6A522;
			minimizedProjectReferenceProxies = 1;
			preferredProjectObjectVersion = 77;
			productRefGroup = DF1800CD2F23D66800F6A522 /* Products */;
			projectDirPath = "";
			projectRoot = "";
			targets = (
				DF1800CB2F23D66800F6A522 /* awaremoney */,
			);
		};
/* End PBXProject section */

/* Begin PBXResourcesBuildPhase section */
		DF1800CA2F23D66800F6A522 /* Resources */ = {
			isa = PBXResourcesBuildPhase;
			buildActionMask = 2147483647;
			files = (
			);
			runOnlyForDeploymentPostprocessing = 0;
		};
/* End PBXResourcesBuildPhase section */

/* Begin PBXSourcesBuildPhase section */
		DF1800C82F23D66800F6A522 /* Sources */ = {
			isa = PBXSourcesBuildPhase;
			buildActionMask = 2147483647;
			files = (
				DF3BCB7D2F33A07300BCA4E9 /* DebtProjectionViewModel.swift in Sources */,
				DF3BCB832F33A1BC00BCA4E9 /* DebtPayoffView.swift in Sources */,
				DF3BCB7B2F33A06B00BCA4E9 /* ProjectionEngine.swift in Sources */,
				DF3BCB792F33A05300BCA4E9 /* DebtTypes.swift in Sources */,
				DF3BCB852F33A29400BCA4E9 /* DebtPlannerView.swift in Sources */,
				DF3BCB812F33A1B500BCA4E9 /* DebtPayoffViewModel.swift in Sources */,
				DF3BCB7F2F33A07E00BCA4E9 /* DebtProjectionView.swift in Sources */,
			);
			runOnlyForDeploymentPostprocessing = 0;
		};
/* End PBXSourcesBuildPhase section */

/* Begin XCBuildConfiguration section */
		DF1800D52F23D66900F6A522 /* Debug */ = {
			isa = XCBuildConfiguration;
			buildSettings = {
				ALWAYS_SEARCH_USER_PATHS = NO;
				ASSETCATALOG_COMPILER_GENERATE_SWIFT_ASSET_SYMBOL_EXTENSIONS = YES;
				CLANG_ANALYZER_NONNULL = YES;
				CLANG_ANALYZER_NUMBER_OBJECT_CONVERSION = YES_AGGRESSIVE;
				CLANG_CXX_LANGUAGE_STANDARD = "gnu++20";
				CLANG_ENABLE_MODULES = YES;
				CLANG_ENABLE_OBJC_ARC = YES;
				CLANG_ENABLE_OBJC_WEAK = YES;
				CLANG_WARN_BLOCK_CAPTURE_AUTORELEASING = YES;
				CLANG_WARN_BOOL_CONVERSION = YES;
				CLANG_WARN_COMMA = YES;
				CLANG_WARN_CONSTANT_CONVERSION = YES;
				CLANG_WARN_DEPRECATED_OBJC_IMPLEMENTATIONS = YES;
				CLANG_WARN_DIRECT_OBJC_ISA_USAGE = YES_ERROR;
				CLANG_WARN_DOCUMENTATION_COMMENTS = YES;
				CLANG_WARN_EMPTY_BODY = YES;
				CLANG_WARN_ENUM_CONVERSION = YES;
				CLANG_WARN_INFINITE_RECURSION = YES;
				CLANG_WARN_INT_CONVERSION = YES;
				CLANG_WARN_NON_LITERAL_NULL_CONVERSION = YES;
				CLANG_WARN_OBJC_IMPLICIT_RETAIN_SELF = YES;
				CLANG_WARN_OBJC_LITERAL_CONVERSION = YES;
				CLANG_WARN_OBJC_ROOT_CLASS = YES_ERROR;
				CLANG_WARN_QUOTED_INCLUDE_IN_FRAMEWORK_HEADER = YES;
				CLANG_WARN_RANGE_LOOP_ANALYSIS = YES;
				CLANG_WARN_STRICT_PROTOTYPES = YES;
				CLANG_WARN_SUSPICIOUS_MOVE = YES;
				CLANG_WARN_UNGUARDED_AVAILABILITY = YES_AGGRESSIVE;
				CLANG_WARN_UNREACHABLE_CODE = YES;
				CLANG_WARN__DUPLICATE_METHOD_MATCH = YES;
				COPY_PHASE_STRIP = NO;
				DEBUG_INFORMATION_FORMAT = dwarf;
				DEVELOPMENT_TEAM = 7U8E86JT3B;
				ENABLE_STRICT_OBJC_MSGSEND = YES;
				ENABLE_TESTABILITY = YES;
				ENABLE_USER_SCRIPT_SANDBOXING = YES;
				GCC_C_LANGUAGE_STANDARD = gnu17;
				GCC_DYNAMIC_NO_PIC = NO;
				GCC_NO_COMMON_BLOCKS = YES;
				GCC_OPTIMIZATION_LEVEL = 0;
				GCC_PREPROCESSOR_DEFINITIONS = (
					"DEBUG=1",
					"$(inherited)",
				);
				GCC_WARN_64_TO_32_BIT_CONVERSION = YES;
				GCC_WARN_ABOUT_RETURN_TYPE = YES_ERROR;
				GCC_WARN_UNDECLARED_SELECTOR = YES;
				GCC_WARN_UNINITIALIZED_AUTOS = YES_AGGRESSIVE;
				GCC_WARN_UNUSED_FUNCTION = YES;
				GCC_WARN_UNUSED_VARIABLE = YES;
				IPHONEOS_DEPLOYMENT_TARGET = 26.2;
				LOCALIZATION_PREFERS_STRING_CATALOGS = YES;
				MTL_ENABLE_DEBUG_INFO = INCLUDE_SOURCE;
				MTL_FAST_MATH = YES;
				ONLY_ACTIVE_ARCH = YES;
				SDKROOT = iphoneos;
				SWIFT_ACTIVE_COMPILATION_CONDITIONS = "DEBUG $(inherited)";
				SWIFT_OPTIMIZATION_LEVEL = "-Onone";
			};
			name = Debug;
		};
		DF1800D62F23D66900F6A522 /* Release */ = {
			isa = XCBuildConfiguration;
			buildSettings = {
				ALWAYS_SEARCH_USER_PATHS = NO;
				ASSETCATALOG_COMPILER_GENERATE_SWIFT_ASSET_SYMBOL_EXTENSIONS = YES;
				CLANG_ANALYZER_NONNULL = YES;
				CLANG_ANALYZER_NUMBER_OBJECT_CONVERSION = YES_AGGRESSIVE;
				CLANG_CXX_LANGUAGE_STANDARD = "gnu++20";
				CLANG_ENABLE_MODULES = YES;
				CLANG_ENABLE_OBJC_ARC = YES;
				CLANG_ENABLE_OBJC_WEAK = YES;
				CLANG_WARN_BLOCK_CAPTURE_AUTORELEASING = YES;
				CLANG_WARN_BOOL_CONVERSION = YES;
				CLANG_WARN_COMMA = YES;
				CLANG_WARN_CONSTANT_CONVERSION = YES;
				CLANG_WARN_DEPRECATED_OBJC_IMPLEMENTATIONS = YES;
				CLANG_WARN_DIRECT_OBJC_ISA_USAGE = YES_ERROR;
				CLANG_WARN_DOCUMENTATION_COMMENTS = YES;
				CLANG_WARN_EMPTY_BODY = YES;
				CLANG_WARN_ENUM_CONVERSION = YES;
				CLANG_WARN_INFINITE_RECURSION = YES;
				CLANG_WARN_INT_CONVERSION = YES;
				CLANG_WARN_NON_LITERAL_NULL_CONVERSION = YES;
				CLANG_WARN_OBJC_IMPLICIT_RETAIN_SELF = YES;
				CLANG_WARN_OBJC_LITERAL_CONVERSION = YES;
				CLANG_WARN_OBJC_ROOT_CLASS = YES_ERROR;
				CLANG_WARN_QUOTED_INCLUDE_IN_FRAMEWORK_HEADER = YES;
				CLANG_WARN_RANGE_LOOP_ANALYSIS = YES;
				CLANG_WARN_STRICT_PROTOTYPES = YES;
				CLANG_WARN_SUSPICIOUS_MOVE = YES;
				CLANG_WARN_UNGUARDED_AVAILABILITY = YES_AGGRESSIVE;
				CLANG_WARN_UNREACHABLE_CODE = YES;
				CLANG_WARN__DUPLICATE_METHOD_MATCH = YES;
				COPY_PHASE_STRIP = NO;
				DEBUG_INFORMATION_FORMAT = "dwarf-with-dsym";
				DEVELOPMENT_TEAM = 7U8E86JT3B;
				ENABLE_NS_ASSERTIONS = NO;
				ENABLE_STRICT_OBJC_MSGSEND = YES;
				ENABLE_USER_SCRIPT_SANDBOXING = YES;
				GCC_C_LANGUAGE_STANDARD = gnu17;
				GCC_NO_COMMON_BLOCKS = YES;
				GCC_WARN_64_TO_32_BIT_CONVERSION = YES;
				GCC_WARN_ABOUT_RETURN_TYPE = YES_ERROR;
				GCC_WARN_UNDECLARED_SELECTOR = YES;
				GCC_WARN_UNINITIALIZED_AUTOS = YES_AGGRESSIVE;
				GCC_WARN_UNUSED_FUNCTION = YES;
				GCC_WARN_UNUSED_VARIABLE = YES;
				IPHONEOS_DEPLOYMENT_TARGET = 26.2;
				LOCALIZATION_PREFERS_STRING_CATALOGS = YES;
				MTL_ENABLE_DEBUG_INFO = NO;
				MTL_FAST_MATH = YES;
				SDKROOT = iphoneos;
				SWIFT_COMPILATION_MODE = wholemodule;
				VALIDATE_PRODUCT = YES;
			};
			name = Release;
		};
		DF1800D82F23D66900F6A522 /* Debug */ = {
			isa = XCBuildConfiguration;
			buildSettings = {
				ASSETCATALOG_COMPILER_APPICON_NAME = AppIcon;
				ASSETCATALOG_COMPILER_GLOBAL_ACCENT_COLOR_NAME = AccentColor;
				CODE_SIGN_STYLE = Automatic;
				CURRENT_PROJECT_VERSION = 1;
				DEVELOPMENT_TEAM = 7U8E86JT3B;
				ENABLE_PREVIEWS = YES;
				GENERATE_INFOPLIST_FILE = YES;
				INFOPLIST_FILE = awaremoney/Info.plist;
				INFOPLIST_KEY_CFBundleDisplayName = "Aware Money";
				INFOPLIST_KEY_LSApplicationCategoryType = "public.app-category.finance";
				INFOPLIST_KEY_LSSupportsOpeningDocumentsInPlace = YES;
				INFOPLIST_KEY_UIApplicationSceneManifest_Generation = YES;
				INFOPLIST_KEY_UIApplicationSupportsIndirectInputEvents = YES;
				INFOPLIST_KEY_UILaunchScreen_Generation = YES;
				INFOPLIST_KEY_UISupportedInterfaceOrientations_iPad = "UIInterfaceOrientationPortrait UIInterfaceOrientationPortraitUpsideDown UIInterfaceOrientationLandscapeLeft UIInterfaceOrientationLandscapeRight";
				INFOPLIST_KEY_UISupportedInterfaceOrientations_iPhone = "UIInterfaceOrientationPortrait UIInterfaceOrientationLandscapeLeft UIInterfaceOrientationLandscapeRight";
				IPHONEOS_DEPLOYMENT_TARGET = 17.6;
				LD_RUNPATH_SEARCH_PATHS = (
					"$(inherited)",
					"@executable_path/Frameworks",
				);
				MARKETING_VERSION = 1.0;
				PRODUCT_BUNDLE_IDENTIFIER = com.komakode.awaremoney;
				PRODUCT_NAME = "$(TARGET_NAME)";
				STRING_CATALOG_GENERATE_SYMBOLS = YES;
				SWIFT_APPROACHABLE_CONCURRENCY = YES;
				SWIFT_DEFAULT_ACTOR_ISOLATION = MainActor;
				SWIFT_EMIT_LOC_STRINGS = YES;
				SWIFT_UPCOMING_FEATURE_MEMBER_IMPORT_VISIBILITY = YES;
				SWIFT_VERSION = 5.0;
				TARGETED_DEVICE_FAMILY = "1,2";
			};
			name = Debug;
		};
		DF1800D92F23D66900F6A522 /* Release */ = {
			isa = XCBuildConfiguration;
			buildSettings = {
				ASSETCATALOG_COMPILER_APPICON_NAME = AppIcon;
				ASSETCATALOG_COMPILER_GLOBAL_ACCENT_COLOR_NAME = AccentColor;
				CODE_SIGN_STYLE = Automatic;
				CURRENT_PROJECT_VERSION = 1;
				DEVELOPMENT_TEAM = 7U8E86JT3B;
				ENABLE_PREVIEWS = YES;
				GENERATE_INFOPLIST_FILE = YES;
				INFOPLIST_FILE = awaremoney/Info.plist;
				INFOPLIST_KEY_CFBundleDisplayName = "Aware Money";
				INFOPLIST_KEY_LSApplicationCategoryType = "public.app-category.finance";
				INFOPLIST_KEY_LSSupportsOpeningDocumentsInPlace = YES;
				INFOPLIST_KEY_UIApplicationSceneManifest_Generation = YES;
				INFOPLIST_KEY_UIApplicationSupportsIndirectInputEvents = YES;
				INFOPLIST_KEY_UILaunchScreen_Generation = YES;
				INFOPLIST_KEY_UISupportedInterfaceOrientations_iPad = "UIInterfaceOrientationPortrait UIInterfaceOrientationPortraitUpsideDown UIInterfaceOrientationLandscapeLeft UIInterfaceOrientationLandscapeRight";
				INFOPLIST_KEY_UISupportedInterfaceOrientations_iPhone = "UIInterfaceOrientationPortrait UIInterfaceOrientationLandscapeLeft UIInterfaceOrientationLandscapeRight";
				IPHONEOS_DEPLOYMENT_TARGET = 17.6;
				LD_RUNPATH_SEARCH_PATHS = (
					"$(inherited)",
					"@executable_path/Frameworks",
				);
				MARKETING_VERSION = 1.0;
				PRODUCT_BUNDLE_IDENTIFIER = com.komakode.awaremoney;
				PRODUCT_NAME = "$(TARGET_NAME)";
				STRING_CATALOG_GENERATE_SYMBOLS = YES;
				SWIFT_APPROACHABLE_CONCURRENCY = YES;
				SWIFT_DEFAULT_ACTOR_ISOLATION = MainActor;
				SWIFT_EMIT_LOC_STRINGS = YES;
				SWIFT_UPCOMING_FEATURE_MEMBER_IMPORT_VISIBILITY = YES;
				SWIFT_VERSION = 5.0;
				TARGETED_DEVICE_FAMILY = "1,2";
			};
			name = Release;
		};
/* End XCBuildConfiguration section */

/* Begin XCConfigurationList section */
		DF1800C72F23D66800F6A522 /* Build configuration list for PBXProject "awaremoney" */ = {
			isa = XCConfigurationList;
			buildConfigurations = (
				DF1800D52F23D66900F6A522 /* Debug */,
				DF1800D62F23D66900F6A522 /* Release */,
			);
			defaultConfigurationIsVisible = 0;
			defaultConfigurationName = Release;
		};
		DF1800D72F23D66900F6A522 /* Build configuration list for PBXNativeTarget "awaremoney" */ = {
			isa = XCConfigurationList;
			buildConfigurations = (
				DF1800D82F23D66900F6A522 /* Debug */,
				DF1800D92F23D66900F6A522 /* Release */,
			);
			defaultConfigurationIsVisible = 0;
			defaultConfigurationName = Release;
		};
/* End XCConfigurationList section */
	};
	rootObject = DF1800C42F23D66800F6A522 /* Project object */;
}
